
Microsoft Visual Studio Solution File, Format Version 12.00
# Visual Studio 14
VisualStudioVersion = 14.0.25123.0
MinimumVisualStudioVersion = 10.0.40219.1
Project("{FAE04EC0-301F-11D3-BF4B-00C04F79EFBC}") = "NumberHumanizer", "NumberHumanizer\NumberHumanizer.csproj", "{09E34012-AF41-4F53-ADD1-51FD25B4971C}"
EndProject
Project("{FAE04EC0-301F-11D3-BF4B-00C04F79EFBC}") = "NumberHumanizer.UnitTests", "..\NumberHumanizer.UnitTests\NumberHumanizer.UnitTests.csproj", "{26CF8153-69F5-43ED-BB43-D1C6779314F1}"
EndProject
Global
	GlobalSection(SolutionConfigurationPlatforms) = preSolution
		Debug|Any CPU = Debug|Any CPU
		Release|Any CPU = Release|Any CPU
	EndGlobalSection
	GlobalSection(ProjectConfigurationPlatforms) = postSolution
		{09E34012-AF41-4F53-ADD1-51FD25B4971C}.Debug|Any CPU.ActiveCfg = Debug|Any CPU
		{09E34012-AF41-4F53-ADD1-51FD25B4971C}.Debug|Any CPU.Build.0 = Debug|Any CPU
		{09E34012-AF41-4F53-ADD1-51FD25B4971C}.Release|Any CPU.ActiveCfg = Release|Any CPU
		{09E34012-AF41-4F53-ADD1-51FD25B4971C}.Release|Any CPU.Build.0 = Release|Any CPU
		{26CF8153-69F5-43ED-BB43-D1C6779314F1}.Debug|Any CPU.ActiveCfg = Debug|Any CPU
		{26CF8153-69F5-43ED-BB43-D1C6779314F1}.Debug|Any CPU.Build.0 = Debug|Any CPU
		{26CF8153-69F5-43ED-BB43-D1C6779314F1}.Release|Any CPU.ActiveCfg = Release|Any CPU
		{26CF8153-69F5-43ED-BB43-D1C6779314F1}.Release|Any CPU.Build.0 = Release|Any CPU
	EndGlobalSection
	GlobalSection(SolutionProperties) = preSolution
		HideSolutionNode = FALSE
	EndGlobalSection
EndGlobal
